// !$*UTF8*$!
{
	archiveVersion = 1;
	classes = {
	};
	objectVersion = 56;
	objects = {

/* Begin PBXBuildFile section */
		02AFE5352A0D455100690CCA /* WristSyncApp.swift in Sources */ = {isa = PBXBuildFile; fileRef = 02AFE5342A0D455100690CCA /* WristSyncApp.swift */; };
		02AFE5372A0D455100690CCA /* ContentView.swift in Sources */ = {isa = PBXBuildFile; fileRef = 02AFE5362A0D455100690CCA /* ContentView.swift */; };
		02AFE5392A0D455400690CCA /* Assets.xcassets in Resources */ = {isa = PBXBuildFile; fileRef = 02AFE5382A0D455400690CCA /* Assets.xcassets */; };
		02AFE53C2A0D455400690CCA /* Preview Assets.xcassets in Resources */ = {isa = PBXBuildFile; fileRef = 02AFE53B2A0D455400690CCA /* Preview Assets.xcassets */; };
		02AFE5492A0D45E400690CCA /* WristSync_WatchApp.swift in Sources */ = {isa = PBXBuildFile; fileRef = 02AFE5482A0D45E400690CCA /* WristSync_WatchApp.swift */; };
		02AFE54B2A0D45E400690CCA /* ContentView.swift in Sources */ = {isa = PBXBuildFile; fileRef = 02AFE54A2A0D45E400690CCA /* ContentView.swift */; };
		02AFE54D2A0D45E600690CCA /* Assets.xcassets in Resources */ = {isa = PBXBuildFile; fileRef = 02AFE54C2A0D45E600690CCA /* Assets.xcassets */; };
		02AFE5502A0D45E600690CCA /* Preview Assets.xcassets in Resources */ = {isa = PBXBuildFile; fileRef = 02AFE54F2A0D45E600690CCA /* Preview Assets.xcassets */; };
		02AFE5532A0D45E600690CCA /* WristSync_Watch Watch App.app in Embed Watch Content */ = {isa = PBXBuildFile; fileRef = 02AFE5462A0D45E400690CCA /* WristSync_Watch Watch App.app */; settings = {ATTRIBUTES = (RemoveHeadersOnCopy, ); }; };
/* End PBXBuildFile section */

/* Begin PBXContainerItemProxy section */
		02AFE5512A0D45E600690CCA /* PBXContainerItemProxy */ = {
			isa = PBXContainerItemProxy;
			containerPortal = 02AFE5292A0D455100690CCA /* Project object */;
			proxyType = 1;
			remoteGlobalIDString = 02AFE5452A0D45E400690CCA;
			remoteInfo = "WristSync_Watch Watch App";
		};
/* End PBXContainerItemProxy section */

/* Begin PBXCopyFilesBuildPhase section */
		02AFE5572A0D45E600690CCA /* Embed Watch Content */ = {
			isa = PBXCopyFilesBuildPhase;
			buildActionMask = 2147483647;
			dstPath = "$(CONTENTS_FOLDER_PATH)/Watch";
			dstSubfolderSpec = 16;
			files = (
				02AFE5532A0D45E600690CCA /* WristSync_Watch Watch App.app in Embed Watch Content */,
			);
			name = "Embed Watch Content";
			runOnlyForDeploymentPostprocessing = 0;
		};
/* End PBXCopyFilesBuildPhase section */

/* Begin PBXFileReference section */
		02AFE5312A0D455100690CCA /* WristSync.app */ = {isa = PBXFileReference; explicitFileType = wrapper.application; includeInIndex = 0; path = WristSync.app; sourceTree = BUILT_PRODUCTS_DIR; };
		02AFE5342A0D455100690CCA /* WristSyncApp.swift */ = {isa = PBXFileReference; lastKnownFileType = sourcecode.swift; path = WristSyncApp.swift; sourceTree = "<group>"; };
		02AFE5362A0D455100690CCA /* ContentView.swift */ = {isa = PBXFileReference; lastKnownFileType = sourcecode.swift; path = ContentView.swift; sourceTree = "<group>"; };
		02AFE5382A0D455400690CCA /* Assets.xcassets */ = {isa = PBXFileReference; lastKnownFileType = folder.assetcatalog; path = Assets.xcassets; sourceTree = "<group>"; };
		02AFE53B2A0D455400690CCA /* Preview Assets.xcassets */ = {isa = PBXFileReference; lastKnownFileType = folder.assetcatalog; path = "Preview Assets.xcassets"; sourceTree = "<group>"; };
		02AFE5462A0D45E400690CCA /* WristSync_Watch Watch App.app */ = {isa = PBXFileReference; explicitFileType = wrapper.application; includeInIndex = 0; path = "WristSync_Watch Watch App.app"; sourceTree = BUILT_PRODUCTS_DIR; };
		02AFE5482A0D45E400690CCA /* WristSync_WatchApp.swift */ = {isa = PBXFileReference; lastKnownFileType = sourcecode.swift; path = WristSync_WatchApp.swift; sourceTree = "<group>"; };
		02AFE54A2A0D45E400690CCA /* ContentView.swift */ = {isa = PBXFileReference; lastKnownFileType = sourcecode.swift; path = ContentView.swift; sourceTree = "<group>"; };
		02AFE54C2A0D45E600690CCA /* Assets.xcassets */ = {isa = PBXFileReference; lastKnownFileType = folder.assetcatalog; path = Assets.xcassets; sourceTree = "<group>"; };
		02AFE54F2A0D45E600690CCA /* Preview Assets.xcassets */ = {isa = PBXFileReference; lastKnownFileType = folder.assetcatalog; path = "Preview Assets.xcassets"; sourceTree = "<group>"; };
/* End PBXFileReference section */

/* Begin PBXFrameworksBuildPhase section */
		02AFE52E2A0D455100690CCA /* Frameworks */ = {
			isa = PBXFrameworksBuildPhase;
			buildActionMask = 2147483647;
			files = (
			);
			runOnlyForDeploymentPostprocessing = 0;
		};
		02AFE5432A0D45E400690CCA /* Frameworks */ = {
			isa = PBXFrameworksBuildPhase;
			buildActionMask = 2147483647;
			files = (
			);
			runOnlyForDeploymentPostprocessing = 0;
		};
/* End PBXFrameworksBuildPhase section */

/* Begin PBXGroup section */
		02AFE5282A0D455100690CCA = {
			isa = PBXGroup;
			children = (
				02AFE5332A0D455100690CCA /* WristSync */,
				02AFE5472A0D45E400690CCA /* WristSync_Watch Watch App */,
				02AFE5322A0D455100690CCA /* Products */,
			);
			sourceTree = "<group>";
		};
		02AFE5322A0D455100690CCA /* Products */ = {
			isa = PBXGroup;
			children = (
				02AFE5312A0D455100690CCA /* WristSync.app */,
				02AFE5462A0D45E400690CCA /* WristSync_Watch Watch App.app */,
			);
			name = Products;
			sourceTree = "<group>";
		};
		02AFE5332A0D455100690CCA /* WristSync */ = {
			isa = PBXGroup;
			children = (
				02AFE5342A0D455100690CCA /* WristSyncApp.swift */,
				02AFE5362A0D455100690CCA /* ContentView.swift */,
				02AFE5382A0D455400690CCA /* Assets.xcassets */,
				02AFE53A2A0D455400690CCA /* Preview Content */,
			);
			path = WristSync;
			sourceTree = "<group>";
		};
		02AFE53A2A0D455400690CCA /* Preview Content */ = {
			isa = PBXGroup;
			children = (
				02AFE53B2A0D455400690CCA /* Preview Assets.xcassets */,
			);
			path = "Preview Content";
			sourceTree = "<group>";
		};
		02AFE5472A0D45E400690CCA /* WristSync_Watch Watch App */ = {
			isa = PBXGroup;
			children = (
				02AFE5482A0D45E400690CCA /* WristSync_WatchApp.swift */,
				02AFE54A2A0D45E400690CCA /* ContentView.swift */,
				02AFE54C2A0D45E600690CCA /* Assets.xcassets */,
				02AFE54E2A0D45E600690CCA /* Preview Content */,
			);
			path = "WristSync_Watch Watch App";
			sourceTree = "<group>";
		};
		02AFE54E2A0D45E600690CCA /* Preview Content */ = {
			isa = PBXGroup;
			children = (
				02AFE54F2A0D45E600690CCA /* Preview Assets.xcassets */,
			);
			path = "Preview Content";
			sourceTree = "<group>";
		};
/* End PBXGroup section */

/* Begin PBXNativeTarget section */
		02AFE5302A0D455100690CCA /* WristSync */ = {
			isa = PBXNativeTarget;
			buildConfigurationList = 02AFE53F2A0D455400690CCA /* Build configuration list for PBXNativeTarget "WristSync" */;
			buildPhases = (
				02AFE52D2A0D455100690CCA /* Sources */,
				02AFE52E2A0D455100690CCA /* Frameworks */,
				02AFE52F2A0D455100690CCA /* Resources */,
				02AFE5572A0D45E600690CCA /* Embed Watch Content */,
			);
			buildRules = (
			);
			dependencies = (
				02AFE5522A0D45E600690CCA /* PBXTargetDependency */,
			);
			name = WristSync;
			productName = WristSync;
			productReference = 02AFE5312A0D455100690CCA /* WristSync.app */;
			productType = "com.apple.product-type.application";
		};
		02AFE5452A0D45E400690CCA /* WristSync_Watch Watch App */ = {
			isa = PBXNativeTarget;
			buildConfigurationList = 02AFE5542A0D45E600690CCA /* Build configuration list for PBXNativeTarget "WristSync_Watch Watch App" */;
			buildPhases = (
				02AFE5422A0D45E400690CCA /* Sources */,
				02AFE5432A0D45E400690CCA /* Frameworks */,
				02AFE5442A0D45E400690CCA /* Resources */,
			);
			buildRules = (
			);
			dependencies = (
			);
			name = "WristSync_Watch Watch App";
			productName = "WristSync_Watch Watch App";
			productReference = 02AFE5462A0D45E400690CCA /* WristSync_Watch Watch App.app */;
			productType = "com.apple.product-type.application";
		};
/* End PBXNativeTarget section */

/* Begin PBXProject section */
		02AFE5292A0D455100690CCA /* Project object */ = {
			isa = PBXProject;
			attributes = {
				BuildIndependentTargetsInParallel = 1;
				LastSwiftUpdateCheck = 1430;
				LastUpgradeCheck = 1430;
				TargetAttributes = {
					02AFE5302A0D455100690CCA = {
						CreatedOnToolsVersion = 14.3;
					};
					02AFE5452A0D45E400690CCA = {
						CreatedOnToolsVersion = 14.3;
					};
				};
			};
			buildConfigurationList = 02AFE52C2A0D455100690CCA /* Build configuration list for PBXProject "WristSync" */;
			compatibilityVersion = "Xcode 14.0";
			developmentRegion = en;
			hasScannedForEncodings = 0;
			knownRegions = (
				en,
				Base,
			);
			mainGroup = 02AFE5282A0D455100690CCA;
			productRefGroup = 02AFE5322A0D455100690CCA /* Products */;
			projectDirPath = "";
			projectRoot = "";
			targets = (
				02AFE5302A0D455100690CCA /* WristSync */,
				02AFE5452A0D45E400690CCA /* WristSync_Watch Watch App */,
			);
		};
/* End PBXProject section */

/* Begin PBXResourcesBuildPhase section */
		02AFE52F2A0D455100690CCA /* Resources */ = {
			isa = PBXResourcesBuildPhase;
			buildActionMask = 2147483647;
			files = (
				02AFE53C2A0D455400690CCA /* Preview Assets.xcassets in Resources */,
				02AFE5392A0D455400690CCA /* Assets.xcassets in Resources */,
			);
			runOnlyForDeploymentPostprocessing = 0;
		};
		02AFE5442A0D45E400690CCA /* Resources */ = {
			isa = PBXResourcesBuildPhase;
			buildActionMask = 2147483647;
			files = (
				02AFE5502A0D45E600690CCA /* Preview Assets.xcassets in Resources */,
				02AFE54D2A0D45E600690CCA /* Assets.xcassets in Resources */,
			);
			runOnlyForDeploymentPostprocessing = 0;
		};
/* End PBXResourcesBuildPhase section */

/* Begin PBXSourcesBuildPhase section */
		02AFE52D2A0D455100690CCA /* Sources */ = {
			isa = PBXSourcesBuildPhase;
			buildActionMask = 2147483647;
			files = (
				02AFE5372A0D455100690CCA /* ContentView.swift in Sources */,
				02AFE5352A0D455100690CCA /* WristSyncApp.swift in Sources */,
			);
			runOnlyForDeploymentPostprocessing = 0;
		};
		02AFE5422A0D45E400690CCA /* Sources */ = {
			isa = PBXSourcesBuildPhase;
			buildActionMask = 2147483647;
			files = (
				02AFE54B2A0D45E400690CCA /* ContentView.swift in Sources */,
				02AFE5492A0D45E400690CCA /* WristSync_WatchApp.swift in Sources */,
			);
			runOnlyForDeploymentPostprocessing = 0;
		};
/* End PBXSourcesBuildPhase section */

/* Begin PBXTargetDependency section */
		02AFE5522A0D45E600690CCA /* PBXTargetDependency */ = {
			isa = PBXTargetDependency;
			target = 02AFE5452A0D45E400690CCA /* WristSync_Watch Watch App */;
			targetProxy = 02AFE5512A0D45E600690CCA /* PBXContainerItemProxy */;
		};
/* End PBXTargetDependency section */

/* Begin XCBuildConfiguration section */
		02AFE53D2A0D455400690CCA /* Debug */ = {
			isa = XCBuildConfiguration;
			buildSettings = {
				ALWAYS_SEARCH_USER_PATHS = NO;
				CLANG_ANALYZER_NONNULL = YES;
				CLANG_ANALYZER_NUMBER_OBJECT_CONVERSION = YES_AGGRESSIVE;
				CLANG_CXX_LANGUAGE_STANDARD = "gnu++20";
				CLANG_ENABLE_MODULES = YES;
				CLANG_ENABLE_OBJC_ARC = YES;
				CLANG_ENABLE_OBJC_WEAK = YES;
				CLANG_WARN_BLOCK_CAPTURE_AUTORELEASING = YES;
				CLANG_WARN_BOOL_CONVERSION = YES;
				CLANG_WARN_COMMA = YES;
				CLANG_WARN_CONSTANT_CONVERSION = YES;
				CLANG_WARN_DEPRECATED_OBJC_IMPLEMENTATIONS = YES;
				CLANG_WARN_DIRECT_OBJC_ISA_USAGE = YES_ERROR;
				CLANG_WARN_DOCUMENTATION_COMMENTS = YES;
				CLANG_WARN_EMPTY_BODY = YES;
				CLANG_WARN_ENUM_CONVERSION = YES;
				CLANG_WARN_INFINITE_RECURSION = YES;
				CLANG_WARN_INT_CONVERSION = YES;
				CLANG_WARN_NON_LITERAL_NULL_CONVERSION = YES;
				CLANG_WARN_OBJC_IMPLICIT_RETAIN_SELF = YES;
				CLANG_WARN_OBJC_LITERAL_CONVERSION = YES;
				CLANG_WARN_OBJC_ROOT_CLASS = YES_ERROR;
				CLANG_WARN_QUOTED_INCLUDE_IN_FRAMEWORK_HEADER = YES;
				CLANG_WARN_RANGE_LOOP_ANALYSIS = YES;
				CLANG_WARN_STRICT_PROTOTYPES = YES;
				CLANG_WARN_SUSPICIOUS_MOVE = YES;
				CLANG_WARN_UNGUARDED_AVAILABILITY = YES_AGGRESSIVE;
				CLANG_WARN_UNREACHABLE_CODE = YES;
				CLANG_WARN__DUPLICATE_METHOD_MATCH = YES;
				COPY_PHASE_STRIP = NO;
				DEBUG_INFORMATION_FORMAT = dwarf;
				ENABLE_STRICT_OBJC_MSGSEND = YES;
				ENABLE_TESTABILITY = YES;
				GCC_C_LANGUAGE_STANDARD = gnu11;
				GCC_DYNAMIC_NO_PIC = NO;
				GCC_NO_COMMON_BLOCKS = YES;
				GCC_OPTIMIZATION_LEVEL = 0;
				GCC_PREPROCESSOR_DEFINITIONS = (
					"DEBUG=1",
					"$(inherited)",
				);
				GCC_WARN_64_TO_32_BIT_CONVERSION = YES;
				GCC_WARN_ABOUT_RETURN_TYPE = YES_ERROR;
				GCC_WARN_UNDECLARED_SELECTOR = YES;
				GCC_WARN_UNINITIALIZED_AUTOS = YES_AGGRESSIVE;
				GCC_WARN_UNUSED_FUNCTION = YES;
				GCC_WARN_UNUSED_VARIABLE = YES;
				IPHONEOS_DEPLOYMENT_TARGET = 16.4;
				MTL_ENABLE_DEBUG_INFO = INCLUDE_SOURCE;
				MTL_FAST_MATH = YES;
				ONLY_ACTIVE_ARCH = YES;
				SDKROOT = iphoneos;
				SWIFT_ACTIVE_COMPILATION_CONDITIONS = DEBUG;
				SWIFT_OPTIMIZATION_LEVEL = "-Onone";
			};
			name = Debug;
		};
		02AFE53E2A0D455400690CCA /* Release */ = {
			isa = XCBuildConfiguration;
			buildSettings = {
				ALWAYS_SEARCH_USER_PATHS = NO;
				CLANG_ANALYZER_NONNULL = YES;
				CLANG_ANALYZER_NUMBER_OBJECT_CONVERSION = YES_AGGRESSIVE;
				CLANG_CXX_LANGUAGE_STANDARD = "gnu++20";
				CLANG_ENABLE_MODULES = YES;
				CLANG_ENABLE_OBJC_ARC = YES;
				CLANG_ENABLE_OBJC_WEAK = YES;
				CLANG_WARN_BLOCK_CAPTURE_AUTORELEASING = YES;
				CLANG_WARN_BOOL_CONVERSION = YES;
				CLANG_WARN_COMMA = YES;
				CLANG_WARN_CONSTANT_CONVERSION = YES;
				CLANG_WARN_DEPRECATED_OBJC_IMPLEMENTATIONS = YES;
				CLANG_WARN_DIRECT_OBJC_ISA_USAGE = YES_ERROR;
				CLANG_WARN_DOCUMENTATION_COMMENTS = YES;
				CLANG_WARN_EMPTY_BODY = YES;
				CLANG_WARN_ENUM_CONVERSION = YES;
				CLANG_WARN_INFINITE_RECURSION = YES;
				CLANG_WARN_INT_CONVERSION = YES;
				CLANG_WARN_NON_LITERAL_NULL_CONVERSION = YES;
				CLANG_WARN_OBJC_IMPLICIT_RETAIN_SELF = YES;
				CLANG_WARN_OBJC_LITERAL_CONVERSION = YES;
				CLANG_WARN_OBJC_ROOT_CLASS = YES_ERROR;
				CLANG_WARN_QUOTED_INCLUDE_IN_FRAMEWORK_HEADER = YES;
				CLANG_WARN_RANGE_LOOP_ANALYSIS = YES;
				CLANG_WARN_STRICT_PROTOTYPES = YES;
				CLANG_WARN_SUSPICIOUS_MOVE = YES;
				CLANG_WARN_UNGUARDED_AVAILABILITY = YES_AGGRESSIVE;
				CLANG_WARN_UNREACHABLE_CODE = YES;
				CLANG_WARN__DUPLICATE_METHOD_MATCH = YES;
				COPY_PHASE_STRIP = NO;
				DEBUG_INFORMATION_FORMAT = "dwarf-with-dsym";
				ENABLE_NS_ASSERTIONS = NO;
				ENABLE_STRICT_OBJC_MSGSEND = YES;
				GCC_C_LANGUAGE_STANDARD = gnu11;
				GCC_NO_COMMON_BLOCKS = YES;
				GCC_WARN_64_TO_32_BIT_CONVERSION = YES;
				GCC_WARN_ABOUT_RETURN_TYPE = YES_ERROR;
				GCC_WARN_UNDECLARED_SELECTOR = YES;
				GCC_WARN_UNINITIALIZED_AUTOS = YES_AGGRESSIVE;
				GCC_WARN_UNUSED_FUNCTION = YES;
				GCC_WARN_UNUSED_VARIABLE = YES;
				IPHONEOS_DEPLOYMENT_TARGET = 16.4;
				MTL_ENABLE_DEBUG_INFO = NO;
				MTL_FAST_MATH = YES;
				SDKROOT = iphoneos;
				SWIFT_COMPILATION_MODE = wholemodule;
				SWIFT_OPTIMIZATION_LEVEL = "-O";
				VALIDATE_PRODUCT = YES;
			};
			name = Release;
		};
		02AFE5402A0D455400690CCA /* Debug */ = {
			isa = XCBuildConfiguration;
			buildSettings = {
				ALWAYS_EMBED_SWIFT_STANDARD_LIBRARIES = YES;
				ASSETCATALOG_COMPILER_APPICON_NAME = AppIcon;
				ASSETCATALOG_COMPILER_GLOBAL_ACCENT_COLOR_NAME = AccentColor;
				CODE_SIGN_STYLE = Automatic;
				CURRENT_PROJECT_VERSION = 1;
				DEVELOPMENT_ASSET_PATHS = "\"WristSync/Preview Content\"";
				DEVELOPMENT_TEAM = 2P5TPA6QV8;
				ENABLE_PREVIEWS = YES;
				GENERATE_INFOPLIST_FILE = YES;
				INFOPLIST_KEY_UIApplicationSceneManifest_Generation = YES;
				INFOPLIST_KEY_UIApplicationSupportsIndirectInputEvents = YES;
				INFOPLIST_KEY_UILaunchScreen_Generation = YES;
				INFOPLIST_KEY_UISupportedInterfaceOrientations_iPad = "UIInterfaceOrientationPortrait UIInterfaceOrientationPortraitUpsideDown UIInterfaceOrientationLandscapeLeft UIInterfaceOrientationLandscapeRight";
				INFOPLIST_KEY_UISupportedInterfaceOrientations_iPhone = "UIInterfaceOrientationPortrait UIInterfaceOrientationLandscapeLeft UIInterfaceOrientationLandscapeRight";
				LD_RUNPATH_SEARCH_PATHS = (
					"$(inherited)",
					"@executable_path/Frameworks",
				);
				MARKETING_VERSION = 1.0;
				PRODUCT_BUNDLE_IDENTIFIER = com.Adarsh.WristSync;
				PRODUCT_NAME = "$(TARGET_NAME)";
				SWIFT_EMIT_LOC_STRINGS = YES;
				SWIFT_VERSION = 5.0;
				TARGETED_DEVICE_FAMILY = "1,2";
			};
			name = Debug;
		};
		02AFE5412A0D455400690CCA /* Release */ = {
			isa = XCBuildConfiguration;
			buildSettings = {
				ALWAYS_EMBED_SWIFT_STANDARD_LIBRARIES = YES;
				ASSETCATALOG_COMPILER_APPICON_NAME = AppIcon;
				ASSETCATALOG_COMPILER_GLOBAL_ACCENT_COLOR_NAME = AccentColor;
				CODE_SIGN_STYLE = Automatic;
				CURRENT_PROJECT_VERSION = 1;
				DEVELOPMENT_ASSET_PATHS = "\"WristSync/Preview Content\"";
				DEVELOPMENT_TEAM = 2P5TPA6QV8;
				ENABLE_PREVIEWS = YES;
				GENERATE_INFOPLIST_FILE = YES;
				INFOPLIST_KEY_UIApplicationSceneManifest_Generation = YES;
				INFOPLIST_KEY_UIApplicationSupportsIndirectInputEvents = YES;
				INFOPLIST_KEY_UILaunchScreen_Generation = YES;
				INFOPLIST_KEY_UISupportedInterfaceOrientations_iPad = "UIInterfaceOrientationPortrait UIInterfaceOrientationPortraitUpsideDown UIInterfaceOrientationLandscapeLeft UIInterfaceOrientationLandscapeRight";
				INFOPLIST_KEY_UISupportedInterfaceOrientations_iPhone = "UIInterfaceOrientationPortrait UIInterfaceOrientationLandscapeLeft UIInterfaceOrientationLandscapeRight";
				LD_RUNPATH_SEARCH_PATHS = (
					"$(inherited)",
					"@executable_path/Frameworks",
				);
				MARKETING_VERSION = 1.0;
				PRODUCT_BUNDLE_IDENTIFIER = com.Adarsh.WristSync;
				PRODUCT_NAME = "$(TARGET_NAME)";
				SWIFT_EMIT_LOC_STRINGS = YES;
				SWIFT_VERSION = 5.0;
				TARGETED_DEVICE_FAMILY = "1,2";
			};
			name = Release;
		};
		02AFE5552A0D45E600690CCA /* Debug */ = {
			isa = XCBuildConfiguration;
			buildSettings = {
				ASSETCATALOG_COMPILER_APPICON_NAME = AppIcon;
				ASSETCATALOG_COMPILER_GLOBAL_ACCENT_COLOR_NAME = AccentColor;
				CODE_SIGN_STYLE = Automatic;
				CURRENT_PROJECT_VERSION = 1;
				DEVELOPMENT_ASSET_PATHS = "\"WristSync_Watch Watch App/Preview Content\"";
				DEVELOPMENT_TEAM = 2P5TPA6QV8;
				ENABLE_PREVIEWS = YES;
				GENERATE_INFOPLIST_FILE = YES;
				INFOPLIST_KEY_CFBundleDisplayName = WristSync_Watch;
				INFOPLIST_KEY_UISupportedInterfaceOrientations = "UIInterfaceOrientationPortrait UIInterfaceOrientationPortraitUpsideDown";
				INFOPLIST_KEY_WKCompanionAppBundleIdentifier = com.Adarsh.WristSync;
				INFOPLIST_KEY_WKRunsIndependentlyOfCompanionApp = YES;
				LD_RUNPATH_SEARCH_PATHS = (
					"$(inherited)",
					"@executable_path/Frameworks",
				);
				MARKETING_VERSION = 1.0;
				PRODUCT_BUNDLE_IDENTIFIER = com.Adarsh.WristSync.watchkitapp;
				PRODUCT_NAME = "$(TARGET_NAME)";
				SDKROOT = watchos;
				SKIP_INSTALL = YES;
				SWIFT_EMIT_LOC_STRINGS = YES;
				SWIFT_VERSION = 5.0;
				TARGETED_DEVICE_FAMILY = 4;
				WATCHOS_DEPLOYMENT_TARGET = 9.4;
			};
			name = Debug;
		};
		02AFE5562A0D45E600690CCA /* Release */ = {
			isa = XCBuildConfiguration;
			buildSettings = {
				ASSETCATALOG_COMPILER_APPICON_NAME = AppIcon;
				ASSETCATALOG_COMPILER_GLOBAL_ACCENT_COLOR_NAME = AccentColor;
				CODE_SIGN_STYLE = Automatic;
				CURRENT_PROJECT_VERSION = 1;
				DEVELOPMENT_ASSET_PATHS = "\"WristSync_Watch Watch App/Preview Content\"";
				DEVELOPMENT_TEAM = 2P5TPA6QV8;
				ENABLE_PREVIEWS = YES;
				GENERATE_INFOPLIST_FILE = YES;
				INFOPLIST_KEY_CFBundleDisplayName = WristSync_Watch;
				INFOPLIST_KEY_UISupportedInterfaceOrientations = "UIInterfaceOrientationPortrait UIInterfaceOrientationPortraitUpsideDown";
				INFOPLIST_KEY_WKCompanionAppBundleIdentifier = com.Adarsh.WristSync;
				INFOPLIST_KEY_WKRunsIndependentlyOfCompanionApp = YES;
				LD_RUNPATH_SEARCH_PATHS = (
					"$(inherited)",
					"@executable_path/Frameworks",
				);
				MARKETING_VERSION = 1.0;
				PRODUCT_BUNDLE_IDENTIFIER = com.Adarsh.WristSync.watchkitapp;
				PRODUCT_NAME = "$(TARGET_NAME)";
				SDKROOT = watchos;
				SKIP_INSTALL = YES;
				SWIFT_EMIT_LOC_STRINGS = YES;
				SWIFT_VERSION = 5.0;
				TARGETED_DEVICE_FAMILY = 4;
				WATCHOS_DEPLOYMENT_TARGET = 9.4;
			};
			name = Release;
		};
/* End XCBuildConfiguration section */

/* Begin XCConfigurationList section */
		02AFE52C2A0D455100690CCA /* Build configuration list for PBXProject "WristSync" */ = {
			isa = XCConfigurationList;
			buildConfigurations = (
				02AFE53D2A0D455400690CCA /* Debug */,
				02AFE53E2A0D455400690CCA /* Release */,
			);
			defaultConfigurationIsVisible = 0;
			defaultConfigurationName = Release;
		};
		02AFE53F2A0D455400690CCA /* Build configuration list for PBXNativeTarget "WristSync" */ = {
			isa = XCConfigurationList;
			buildConfigurations = (
				02AFE5402A0D455400690CCA /* Debug */,
				02AFE5412A0D455400690CCA /* Release */,
			);
			defaultConfigurationIsVisible = 0;
			defaultConfigurationName = Release;
		};
		02AFE5542A0D45E600690CCA /* Build configuration list for PBXNativeTarget "WristSync_Watch Watch App" */ = {
			isa = XCConfigurationList;
			buildConfigurations = (
				02AFE5552A0D45E600690CCA /* Debug */,
				02AFE5562A0D45E600690CCA /* Release */,
			);
			defaultConfigurationIsVisible = 0;
			defaultConfigurationName = Release;
		};
/* End XCConfigurationList section */
	};
	rootObject = 02AFE5292A0D455100690CCA /* Project object */;
}
